<?xml version="1.0" encoding="utf-8"?>
<Project ToolsVersion="4.0" xmlns="http://schemas.microsoft.com/developer/msbuild/2003">
  <ItemGroup>
    <Filter Include="externals">
      <UniqueIdentifier>{567d046b-5cc3-4929-a227-ee6c16432280}</UniqueIdentifier>
    </Filter>
    <Filter Include="externals\imgui">
      <UniqueIdentifier>{549d6903-40f3-409c-8cb1-dff71af74df4}</UniqueIdentifier>
    </Filter>
    <Filter Include="include">
      <UniqueIdentifier>{878d94c2-b98a-4e20-b168-a8efb07eee2c}</UniqueIdentifier>
    </Filter>
    <Filter Include="src">
      <UniqueIdentifier>{650138e7-3456-48dc-ac9c-593f411720cf}</UniqueIdentifier>
    </Filter>
    <Filter Include="src\app">
      <UniqueIdentifier>{fc9b23ad-ef5e-43a7-8d23-861cc28ff451}</UniqueIdentifier>
    </Filter>
    <Filter Include="src\engine">
      <UniqueIdentifier>{2d3be6c6-d76e-47da-ad6d-05e289153934}</UniqueIdentifier>
    </Filter>
    <Filter Include="src\engine\2d">
      <UniqueIdentifier>{bce80085-ff98-4b07-8f0c-16b9400fca3f}</UniqueIdentifier>
    </Filter>
    <Filter Include="src\engine\3d">
      <UniqueIdentifier>{27294f05-82aa-450c-a69f-0a9b06c12d88}</UniqueIdentifier>
    </Filter>
    <Filter Include="src\engine\base">
      <UniqueIdentifier>{ef4b96e9-11ca-4c66-88f5-297da69ac206}</UniqueIdentifier>
    </Filter>
    <Filter Include="src\engine\io">
      <UniqueIdentifier>{ac7f82b2-aa04-4038-9f57-38501d2393d4}</UniqueIdentifier>
    </Filter>
    <Filter Include="src\engine\scene">
      <UniqueIdentifier>{83ca2a01-a272-4025-a154-82c0eddfb111}</UniqueIdentifier>
    </Filter>
    <Filter Include="include\engine">
      <UniqueIdentifier>{0b7807e4-e20a-46a3-bb59-4b976522fd50}</UniqueIdentifier>
    </Filter>
    <Filter Include="include\engine\2d">
      <UniqueIdentifier>{90915702-70d3-4cd4-90b7-5f63c03795cc}</UniqueIdentifier>
    </Filter>
    <Filter Include="include\engine\3d">
      <UniqueIdentifier>{67350c26-5c4c-440d-9d7d-003f0199a336}</UniqueIdentifier>
    </Filter>
    <Filter Include="include\engine\base">
      <UniqueIdentifier>{3adcdd5d-d9fd-4797-a5e7-b4da2c98ae2e}</UniqueIdentifier>
    </Filter>
    <Filter Include="include\engine\io">
      <UniqueIdentifier>{968f282b-b8d0-451a-98b9-11f2ba159d35}</UniqueIdentifier>
    </Filter>
    <Filter Include="include\engine\scene">
      <UniqueIdentifier>{f37cbe40-f155-4426-8a41-437f59a2e275}</UniqueIdentifier>
    </Filter>
    <Filter Include="include\engine\audio">
      <UniqueIdentifier>{ad1c882e-187d-461f-a6fd-d9c0a0268821}</UniqueIdentifier>
    </Filter>
    <Filter Include="include\engine\math">
      <UniqueIdentifier>{0546799c-ced5-4fee-bcd0-76a90f38bb4a}</UniqueIdentifier>
    </Filter>
    <Filter Include="shaders">
      <UniqueIdentifier>{01c93764-604d-4fc4-9969-ad1b23881cc9}</UniqueIdentifier>
    </Filter>
    <Filter Include="resources">
      <UniqueIdentifier>{724b9669-b3ff-492b-b583-c902814b1e55}</UniqueIdentifier>
    </Filter>
  </ItemGroup>
  <ItemGroup>
    <ClCompile Include="externals\imgui\imgui.cpp">
      <Filter>externals\imgui</Filter>
    </ClCompile>
    <ClCompile Include="externals\imgui\imgui_demo.cpp">
      <Filter>externals\imgui</Filter>
    </ClCompile>
    <ClCompile Include="externals\imgui\imgui_draw.cpp">
      <Filter>externals\imgui</Filter>
    </ClCompile>
    <ClCompile Include="externals\imgui\imgui_impl_dx12.cpp">
      <Filter>externals\imgui</Filter>
    </ClCompile>
    <ClCompile Include="externals\imgui\imgui_impl_win32.cpp">
      <Filter>externals\imgui</Filter>
    </ClCompile>
    <ClCompile Include="externals\imgui\imgui_tables.cpp">
      <Filter>externals\imgui</Filter>
    </ClCompile>
    <ClCompile Include="externals\imgui\imgui_widgets.cpp">
      <Filter>externals\imgui</Filter>
    </ClCompile>
    <ClCompile Include="src\app\main.cpp">
      <Filter>src\app</Filter>
    </ClCompile>
    <ClCompile Include="src\engine\3d\ResourceObject.cpp">
      <Filter>src\engine\3d</Filter>
    </ClCompile>
    <ClCompile Include="src\engine\io\Input.cpp">
      <Filter>src\engine\io</Filter>
    </ClCompile>
    <ClCompile Include="src\engine\base\WinApp.cpp">
      <Filter>src\engine\base</Filter>
    </ClCompile>
    <ClCompile Include="src\engine\base\DirectXCommon.cpp">
      <Filter>src\engine\base</Filter>
    </ClCompile>
  </ItemGroup>
  <ItemGroup>
    <FxCompile Include="shaders\Object3d.PS.hlsl">
      <Filter>shaders</Filter>
    </FxCompile>
    <FxCompile Include="shaders\Object3d.VS.hlsl">
      <Filter>shaders</Filter>
    </FxCompile>
    <FxCompile Include="shaders\Object3D_NoUV.PS.hlsl">
      <Filter>shaders</Filter>
    </FxCompile>
    <FxCompile Include="shaders\Object3D_NoUV.VS.hlsl">
      <Filter>shaders</Filter>
    </FxCompile>
  </ItemGroup>
  <ItemGroup>
    <ClInclude Include="externals\imgui\imconfig.h">
      <Filter>externals\imgui</Filter>
    </ClInclude>
    <ClInclude Include="externals\imgui\imgui.h">
      <Filter>externals\imgui</Filter>
    </ClInclude>
    <ClInclude Include="externals\imgui\imgui_impl_dx12.h">
      <Filter>externals\imgui</Filter>
    </ClInclude>
    <ClInclude Include="externals\imgui\imgui_impl_win32.h">
      <Filter>externals\imgui</Filter>
    </ClInclude>
    <ClInclude Include="externals\imgui\imgui_internal.h">
      <Filter>externals\imgui</Filter>
    </ClInclude>
    <ClInclude Include="externals\imgui\imstb_rectpack.h">
      <Filter>externals\imgui</Filter>
    </ClInclude>
    <ClInclude Include="externals\imgui\imstb_textedit.h">
      <Filter>externals\imgui</Filter>
    </ClInclude>
    <ClInclude Include="externals\imgui\imstb_truetype.h">
      <Filter>externals\imgui</Filter>
    </ClInclude>
    <ClInclude Include="include\engine\3d\ResourceObject.h">
      <Filter>include\engine\3d</Filter>
    </ClInclude>
    <ClInclude Include="resource.h" />
    <ClInclude Include="include\engine\io\Input.h">
      <Filter>include\engine\io</Filter>
    </ClInclude>
    <ClInclude Include="include\engine\base\WinApp.h">
      <Filter>include\engine\base</Filter>
    </ClInclude>
    <ClInclude Include="include\engine\base\DirectXCommon.h">
      <Filter>include\engine\base</Filter>
    </ClInclude>
  </ItemGroup>
  <ItemGroup>
    <Text Include="externals\imgui\LICENSE.txt">
      <Filter>externals\imgui</Filter>
    </Text>
  </ItemGroup>
  <ItemGroup>
    <None Include="shaders\Object3d.hlsli">
      <Filter>shaders</Filter>
    </None>
  </ItemGroup>
  <ItemGroup>
    <ResourceCompile Include="CG2.rc" />
  </ItemGroup>
</Project>